
Microsoft Visual Studio Solution File, Format Version 12.00
# Visual Studio Version 17
VisualStudioVersion = 17.14.36429.23
MinimumVisualStudioVersion = 10.0.40219.1
Project("{FAE04EC0-301F-11D3-BF4B-00C04F79EFBC}") = "Tyuiu.RochevYA.Sprint2.Task0.V17", "Tyuiu.RochevYA.Sprint2.Task0.V17\Tyuiu.RochevYA.Sprint2.Task0.V17.csproj", "{543A285F-079A-4554-A809-E8D88F4196BF}"
EndProject
Project("{FAE04EC0-301F-11D3-BF4B-00C04F79EFBC}") = "Tyuiu.RochevYA.Sprint2.Task0.V17.Lib", "Tyuiu.RochevYA.Sprint2.Task0.V17.Lib\Tyuiu.RochevYA.Sprint2.Task0.V17.Lib.csproj", "{E2C177E4-2A66-4444-8D7C-17178B4794C0}"
EndProject
Project("{FAE04EC0-301F-11D3-BF4B-00C04F79EFBC}") = "Tyuiu.RochevYA.Sprint2.Task0.V17.Test", "Tyuiu.RochevYA.Sprint2.Task0.V17.Test\Tyuiu.RochevYA.Sprint2.Task0.V17.Test.csproj", "{57C45E20-A82B-49A2-AC1D-A1FCB1CB10F4}"
EndProject
Project("{FAE04EC0-301F-11D3-BF4B-00C04F79EFBC}") = "Tyuiu.RochevYA.Sprint2.Task1.V24", "Tyuiu.RochevYA.Sprint2.Task1.V24\Tyuiu.RochevYA.Sprint2.Task1.V24.csproj", "{796EF65F-3400-4641-803B-7D32E3267DC5}"
EndProject
Project("{FAE04EC0-301F-11D3-BF4B-00C04F79EFBC}") = "Tyuiu.RochevYA.Sprint2.Task1.V24.Lib", "Tyuiu.RochevYA.Sprint2.Task1.V24.Lib\Tyuiu.RochevYA.Sprint2.Task1.V24.Lib.csproj", "{58012C4B-A726-4166-B37F-C51722715654}"
EndProject
Project("{FAE04EC0-301F-11D3-BF4B-00C04F79EFBC}") = "Tyuiu.RochevYA.Sprint2.Task1.V24.Test", "Tyuiu.RochevYA.Sprint2.Task1.V24.Test\Tyuiu.RochevYA.Sprint2.Task1.V24.Test.csproj", "{A332530D-1A29-436E-BEDF-A2E77A358271}"
EndProject
Project("{FAE04EC0-301F-11D3-BF4B-00C04F79EFBC}") = "Tyuiu.RochevYA.Sprint2.Task2.V4", "Tyuiu.RochevYA.Sprint2.Task2.V4\Tyuiu.RochevYA.Sprint2.Task2.V4.csproj", "{021B406E-3CA8-486D-A1E2-EE5535ED32AA}"
EndProject
Project("{FAE04EC0-301F-11D3-BF4B-00C04F79EFBC}") = "Tyuiu.RochevYA.Sprint2.Task2.V4.Lib", "Tyuiu.RochevYA.Sprint2.Task2.V4.Lib\Tyuiu.RochevYA.Sprint2.Task2.V4.Lib.csproj", "{E19DB4EE-C6FC-49F8-8186-D29A6BD13E62}"
EndProject
Project("{FAE04EC0-301F-11D3-BF4B-00C04F79EFBC}") = "Tyuiu.RochevYA.Sprint2.Task2.V4.Test", "Tyuiu.RochevYA.Sprint2.Task2.V4.Test\Tyuiu.RochevYA.Sprint2.Task2.V4.Test.csproj", "{E93627EE-4963-4ED5-B814-A63DB486C374}"
EndProject
Project("{FAE04EC0-301F-11D3-BF4B-00C04F79EFBC}") = "Tyuiu.RochevYA.Sprint2.Task3.V17", "Tyuiu.RochevYA.Sprint2.Task3.V17\Tyuiu.RochevYA.Sprint2.Task3.V17.csproj", "{94BB6A3F-6D09-403D-864A-770BC2C89F36}"
EndProject
Project("{FAE04EC0-301F-11D3-BF4B-00C04F79EFBC}") = "Tyuiu.RochevYA.Sprint2.Task3.V17.Lib", "Tyuiu.RochevYA.Sprint2.Task3.V17.Lib\Tyuiu.RochevYA.Sprint2.Task3.V17.Lib.csproj", "{4DA0D8C3-CCFC-4240-B4C2-13E6D1958435}"
EndProject
Project("{FAE04EC0-301F-11D3-BF4B-00C04F79EFBC}") = "Tyuiu.RochevYA.Sprint2.Task3.V17.Test", "Tyuiu.RochevYA.Sprint2.Task3.V17.Test\Tyuiu.RochevYA.Sprint2.Task3.V17.Test.csproj", "{2356559C-EC57-4730-A65A-5B4121028359}"
EndProject
Project("{FAE04EC0-301F-11D3-BF4B-00C04F79EFBC}") = "Tyuiu.RochevYA.Sprint2.Task4.V10", "Tyuiu.RochevYA.Sprint2.Task4.V10\Tyuiu.RochevYA.Sprint2.Task4.V10.csproj", "{F560CF51-9D07-42DC-87B4-7751CD31F5FC}"
EndProject
Project("{FAE04EC0-301F-11D3-BF4B-00C04F79EFBC}") = "Tyuiu.RochevYA.Sprint2.Task4.V10.Lib", "Tyuiu.RochevYA.Sprint2.Task4.V10.Lib\Tyuiu.RochevYA.Sprint2.Task4.V10.Lib.csproj", "{4E803DD5-8814-4730-AA28-91880EFA2C3C}"
EndProject
Project("{FAE04EC0-301F-11D3-BF4B-00C04F79EFBC}") = "Tyuiu.RochevYA.Sprint2.Task4.V10.Test", "Tyuiu.RochevYA.Sprint2.Task4.V10.Test\Tyuiu.RochevYA.Sprint2.Task4.V10.Test.csproj", "{A92346AD-0450-4C46-B639-EB0FE292AEC4}"
EndProject
Project("{FAE04EC0-301F-11D3-BF4B-00C04F79EFBC}") = "Tyuiu.RochevYA.Sprint2.Task5.V2", "Tyuiu.RochevYA.Sprint2.Task5.V2\Tyuiu.RochevYA.Sprint2.Task5.V2.csproj", "{00384EB9-90D8-4EB6-98F5-5CF54A55DD4C}"
EndProject
Project("{FAE04EC0-301F-11D3-BF4B-00C04F79EFBC}") = "Tyuiu.RochevYA.Sprint2.Task5.V2.Lib", "Tyuiu.RochevYA.Sprint2.Task5.V2.Lib\Tyuiu.RochevYA.Sprint2.Task5.V2.Lib.csproj", "{1835A30A-19C9-4C9B-B80D-DBC5E3141CAD}"
EndProject
Project("{FAE04EC0-301F-11D3-BF4B-00C04F79EFBC}") = "Tyuiu.RochevYA.Sprint2.Task5.V2.Test", "Tyuiu.RochevYA.Sprint2.Task5.V2.Test\Tyuiu.RochevYA.Sprint2.Task5.V2.Test.csproj", "{651E11E8-ACE4-4870-B0DD-84751D785361}"
EndProject
Project("{FAE04EC0-301F-11D3-BF4B-00C04F79EFBC}") = "Tyuiu.RochevYA.Sprint2.Task6.V6", "Tyuiu.RochevYA.Sprint2.Task6.V6\Tyuiu.RochevYA.Sprint2.Task6.V6.csproj", "{1B010FF6-8467-4F82-9649-2B6F3336B44B}"
EndProject
Project("{FAE04EC0-301F-11D3-BF4B-00C04F79EFBC}") = "Tyuiu.RochevYA.Sprint2.Task6.V6.Lib", "Tyuiu.RochevYA.Sprint2.Task6.V6.Lib\Tyuiu.RochevYA.Sprint2.Task6.V6.Lib.csproj", "{27FF2DA4-A6D3-4557-B6D1-CFB6A6A18828}"
EndProject
Project("{FAE04EC0-301F-11D3-BF4B-00C04F79EFBC}") = "Tyuiu.RochevYA.Sprint2.Task6.V6.Test", "Tyuiu.RochevYA.Sprint2.Task6.V6.Test\Tyuiu.RochevYA.Sprint2.Task6.V6.Test.csproj", "{BB759174-2C6E-4AB3-A436-FD1A59E1F75F}"
EndProject
Global
	GlobalSection(SolutionConfigurationPlatforms) = preSolution
		Debug|Any CPU = Debug|Any CPU
		Release|Any CPU = Release|Any CPU
	EndGlobalSection
	GlobalSection(ProjectConfigurationPlatforms) = postSolution
		{543A285F-079A-4554-A809-E8D88F4196BF}.Debug|Any CPU.ActiveCfg = Debug|Any CPU
		{543A285F-079A-4554-A809-E8D88F4196BF}.Debug|Any CPU.Build.0 = Debug|Any CPU
		{543A285F-079A-4554-A809-E8D88F4196BF}.Release|Any CPU.ActiveCfg = Release|Any CPU
		{543A285F-079A-4554-A809-E8D88F4196BF}.Release|Any CPU.Build.0 = Release|Any CPU
		{E2C177E4-2A66-4444-8D7C-17178B4794C0}.Debug|Any CPU.ActiveCfg = Debug|Any CPU
		{E2C177E4-2A66-4444-8D7C-17178B4794C0}.Debug|Any CPU.Build.0 = Debug|Any CPU
		{E2C177E4-2A66-4444-8D7C-17178B4794C0}.Release|Any CPU.ActiveCfg = Release|Any CPU
		{E2C177E4-2A66-4444-8D7C-17178B4794C0}.Release|Any CPU.Build.0 = Release|Any CPU
		{57C45E20-A82B-49A2-AC1D-A1FCB1CB10F4}.Debug|Any CPU.ActiveCfg = Debug|Any CPU
		{57C45E20-A82B-49A2-AC1D-A1FCB1CB10F4}.Debug|Any CPU.Build.0 = Debug|Any CPU
		{57C45E20-A82B-49A2-AC1D-A1FCB1CB10F4}.Release|Any CPU.ActiveCfg = Release|Any CPU
		{57C45E20-A82B-49A2-AC1D-A1FCB1CB10F4}.Release|Any CPU.Build.0 = Release|Any CPU
		{796EF65F-3400-4641-803B-7D32E3267DC5}.Debug|Any CPU.ActiveCfg = Debug|Any CPU
		{796EF65F-3400-4641-803B-7D32E3267DC5}.Debug|Any CPU.Build.0 = Debug|Any CPU
		{796EF65F-3400-4641-803B-7D32E3267DC5}.Release|Any CPU.ActiveCfg = Release|Any CPU
		{796EF65F-3400-4641-803B-7D32E3267DC5}.Release|Any CPU.Build.0 = Release|Any CPU
		{58012C4B-A726-4166-B37F-C51722715654}.Debug|Any CPU.ActiveCfg = Debug|Any CPU
		{58012C4B-A726-4166-B37F-C51722715654}.Debug|Any CPU.Build.0 = Debug|Any CPU
		{58012C4B-A726-4166-B37F-C51722715654}.Release|Any CPU.ActiveCfg = Release|Any CPU
		{58012C4B-A726-4166-B37F-C51722715654}.Release|Any CPU.Build.0 = Release|Any CPU
		{A332530D-1A29-436E-BEDF-A2E77A358271}.Debug|Any CPU.ActiveCfg = Debug|Any CPU
		{A332530D-1A29-436E-BEDF-A2E77A358271}.Debug|Any CPU.Build.0 = Debug|Any CPU
		{A332530D-1A29-436E-BEDF-A2E77A358271}.Release|Any CPU.ActiveCfg = Release|Any CPU
		{A332530D-1A29-436E-BEDF-A2E77A358271}.Release|Any CPU.Build.0 = Release|Any CPU
		{021B406E-3CA8-486D-A1E2-EE5535ED32AA}.Debug|Any CPU.ActiveCfg = Debug|Any CPU
		{021B406E-3CA8-486D-A1E2-EE5535ED32AA}.Debug|Any CPU.Build.0 = Debug|Any CPU
		{021B406E-3CA8-486D-A1E2-EE5535ED32AA}.Release|Any CPU.ActiveCfg = Release|Any CPU
		{021B406E-3CA8-486D-A1E2-EE5535ED32AA}.Release|Any CPU.Build.0 = Release|Any CPU
		{E19DB4EE-C6FC-49F8-8186-D29A6BD13E62}.Debug|Any CPU.ActiveCfg = Debug|Any CPU
		{E19DB4EE-C6FC-49F8-8186-D29A6BD13E62}.Debug|Any CPU.Build.0 = Debug|Any CPU
		{E19DB4EE-C6FC-49F8-8186-D29A6BD13E62}.Release|Any CPU.ActiveCfg = Release|Any CPU
		{E19DB4EE-C6FC-49F8-8186-D29A6BD13E62}.Release|Any CPU.Build.0 = Release|Any CPU
		{E93627EE-4963-4ED5-B814-A63DB486C374}.Debug|Any CPU.ActiveCfg = Debug|Any CPU
		{E93627EE-4963-4ED5-B814-A63DB486C374}.Debug|Any CPU.Build.0 = Debug|Any CPU
		{E93627EE-4963-4ED5-B814-A63DB486C374}.Release|Any CPU.ActiveCfg = Release|Any CPU
		{E93627EE-4963-4ED5-B814-A63DB486C374}.Release|Any CPU.Build.0 = Release|Any CPU
		{94BB6A3F-6D09-403D-864A-770BC2C89F36}.Debug|Any CPU.ActiveCfg = Debug|Any CPU
		{94BB6A3F-6D09-403D-864A-770BC2C89F36}.Debug|Any CPU.Build.0 = Debug|Any CPU
		{94BB6A3F-6D09-403D-864A-770BC2C89F36}.Release|Any CPU.ActiveCfg = Release|Any CPU
		{94BB6A3F-6D09-403D-864A-770BC2C89F36}.Release|Any CPU.Build.0 = Release|Any CPU
		{4DA0D8C3-CCFC-4240-B4C2-13E6D1958435}.Debug|Any CPU.ActiveCfg = Debug|Any CPU
		{4DA0D8C3-CCFC-4240-B4C2-13E6D1958435}.Debug|Any CPU.Build.0 = Debug|Any CPU
		{4DA0D8C3-CCFC-4240-B4C2-13E6D1958435}.Release|Any CPU.ActiveCfg = Release|Any CPU
		{4DA0D8C3-CCFC-4240-B4C2-13E6D1958435}.Release|Any CPU.Build.0 = Release|Any CPU
		{2356559C-EC57-4730-A65A-5B4121028359}.Debug|Any CPU.ActiveCfg = Debug|Any CPU
		{2356559C-EC57-4730-A65A-5B4121028359}.Debug|Any CPU.Build.0 = Debug|Any CPU
		{2356559C-EC57-4730-A65A-5B4121028359}.Release|Any CPU.ActiveCfg = Release|Any CPU
		{2356559C-EC57-4730-A65A-5B4121028359}.Release|Any CPU.Build.0 = Release|Any CPU
		{F560CF51-9D07-42DC-87B4-7751CD31F5FC}.Debug|Any CPU.ActiveCfg = Debug|Any CPU
		{F560CF51-9D07-42DC-87B4-7751CD31F5FC}.Debug|Any CPU.Build.0 = Debug|Any CPU
		{F560CF51-9D07-42DC-87B4-7751CD31F5FC}.Release|Any CPU.ActiveCfg = Release|Any CPU
		{F560CF51-9D07-42DC-87B4-7751CD31F5FC}.Release|Any CPU.Build.0 = Release|Any CPU
		{4E803DD5-8814-4730-AA28-91880EFA2C3C}.Debug|Any CPU.ActiveCfg = Debug|Any CPU
		{4E803DD5-8814-4730-AA28-91880EFA2C3C}.Debug|Any CPU.Build.0 = Debug|Any CPU
		{4E803DD5-8814-4730-AA28-91880EFA2C3C}.Release|Any CPU.ActiveCfg = Release|Any CPU
		{4E803DD5-8814-4730-AA28-91880EFA2C3C}.Release|Any CPU.Build.0 = Release|Any CPU
		{A92346AD-0450-4C46-B639-EB0FE292AEC4}.Debug|Any CPU.ActiveCfg = Debug|Any CPU
		{A92346AD-0450-4C46-B639-EB0FE292AEC4}.Debug|Any CPU.Build.0 = Debug|Any CPU
		{A92346AD-0450-4C46-B639-EB0FE292AEC4}.Release|Any CPU.ActiveCfg = Release|Any CPU
		{A92346AD-0450-4C46-B639-EB0FE292AEC4}.Release|Any CPU.Build.0 = Release|Any CPU
		{00384EB9-90D8-4EB6-98F5-5CF54A55DD4C}.Debug|Any CPU.ActiveCfg = Debug|Any CPU
		{00384EB9-90D8-4EB6-98F5-5CF54A55DD4C}.Debug|Any CPU.Build.0 = Debug|Any CPU
		{00384EB9-90D8-4EB6-98F5-5CF54A55DD4C}.Release|Any CPU.ActiveCfg = Release|Any CPU
		{00384EB9-90D8-4EB6-98F5-5CF54A55DD4C}.Release|Any CPU.Build.0 = Release|Any CPU
		{1835A30A-19C9-4C9B-B80D-DBC5E3141CAD}.Debug|Any CPU.ActiveCfg = Debug|Any CPU
		{1835A30A-19C9-4C9B-B80D-DBC5E3141CAD}.Debug|Any CPU.Build.0 = Debug|Any CPU
		{1835A30A-19C9-4C9B-B80D-DBC5E3141CAD}.Release|Any CPU.ActiveCfg = Release|Any CPU
		{1835A30A-19C9-4C9B-B80D-DBC5E3141CAD}.Release|Any CPU.Build.0 = Release|Any CPU
		{651E11E8-ACE4-4870-B0DD-84751D785361}.Debug|Any CPU.ActiveCfg = Debug|Any CPU
		{651E11E8-ACE4-4870-B0DD-84751D785361}.Debug|Any CPU.Build.0 = Debug|Any CPU
		{651E11E8-ACE4-4870-B0DD-84751D785361}.Release|Any CPU.ActiveCfg = Release|Any CPU
		{651E11E8-ACE4-4870-B0DD-84751D785361}.Release|Any CPU.Build.0 = Release|Any CPU
		{1B010FF6-8467-4F82-9649-2B6F3336B44B}.Debug|Any CPU.ActiveCfg = Debug|Any CPU
		{1B010FF6-8467-4F82-9649-2B6F3336B44B}.Debug|Any CPU.Build.0 = Debug|Any CPU
		{1B010FF6-8467-4F82-9649-2B6F3336B44B}.Release|Any CPU.ActiveCfg = Release|Any CPU
		{1B010FF6-8467-4F82-9649-2B6F3336B44B}.Release|Any CPU.Build.0 = Release|Any CPU
		{27FF2DA4-A6D3-4557-B6D1-CFB6A6A18828}.Debug|Any CPU.ActiveCfg = Debug|Any CPU
		{27FF2DA4-A6D3-4557-B6D1-CFB6A6A18828}.Debug|Any CPU.Build.0 = Debug|Any CPU
		{27FF2DA4-A6D3-4557-B6D1-CFB6A6A18828}.Release|Any CPU.ActiveCfg = Release|Any CPU
		{27FF2DA4-A6D3-4557-B6D1-CFB6A6A18828}.Release|Any CPU.Build.0 = Release|Any CPU
		{BB759174-2C6E-4AB3-A436-FD1A59E1F75F}.Debug|Any CPU.ActiveCfg = Debug|Any CPU
		{BB759174-2C6E-4AB3-A436-FD1A59E1F75F}.Debug|Any CPU.Build.0 = Debug|Any CPU
		{BB759174-2C6E-4AB3-A436-FD1A59E1F75F}.Release|Any CPU.ActiveCfg = Release|Any CPU
		{BB759174-2C6E-4AB3-A436-FD1A59E1F75F}.Release|Any CPU.Build.0 = Release|Any CPU
	EndGlobalSection
	GlobalSection(SolutionProperties) = preSolution
		HideSolutionNode = FALSE
	EndGlobalSection
	GlobalSection(ExtensibilityGlobals) = postSolution
		SolutionGuid = {429932DF-1774-4C08-AFC7-0AF7C93C417A}
	EndGlobalSection
EndGlobal
